
Microsoft Visual Studio Solution File, Format Version 12.00
# Visual Studio Version 17
VisualStudioVersion = 17.13.35931.197
MinimumVisualStudioVersion = 10.0.40219.1
Project("{2150E333-8FDC-42A3-9474-1A3956D46DE8}") = "Practice1", "Practice1", "{36D591C7-65C7-A0D1-1CBC-10CDE441BDC8}"
EndProject
Project("{2150E333-8FDC-42A3-9474-1A3956D46DE8}") = "Practice2", "Practice2", "{0CC2BD61-90A8-437A-87F0-844C1D2E896F}"
EndProject
Project("{FAE04EC0-301F-11D3-BF4B-00C04F79EFBC}") = "Practice1.Task2", "Practice1\Practice1.Task2\Practice1.Task2.csproj", "{CF086F0B-863E-B554-0D83-B0F79F69ADEB}"
EndProject
Project("{FAE04EC0-301F-11D3-BF4B-00C04F79EFBC}") = "Practice1.Task3", "Practice1\Practice1.Task3\Practice1.Task3.csproj", "{4F406B2D-AE83-C5B0-F953-252E358515AC}"
EndProject
Project("{FAE04EC0-301F-11D3-BF4B-00C04F79EFBC}") = "Practice1.Task4", "Practice1\Practice1.Task4\Practice1.Task4.csproj", "{2C9FECC9-E6BC-DBA9-8C82-E4C23B73CAC0}"
EndProject
Project("{FAE04EC0-301F-11D3-BF4B-00C04F79EFBC}") = "Practice1.Task5", "Practice1\Practice1.Task5\Practice1.Task5.csproj", "{B8CD213D-1B77-BA08-EAFF-76F33AB683D8}"
EndProject
Project("{FAE04EC0-301F-11D3-BF4B-00C04F79EFBC}") = "Practice1.Task6", "Practice1\Practice1.Task6\Practice1.Task6.csproj", "{87569104-1BB3-F34A-9D66-C7EEE680D4CE}"
EndProject
Project("{FAE04EC0-301F-11D3-BF4B-00C04F79EFBC}") = "Practice1.Task7", "Practice1\Practice1.Task7\Practice1.Task7.csproj", "{7600B4C5-8C1E-5F90-E583-AE66CC292D77}"
EndProject
Project("{FAE04EC0-301F-11D3-BF4B-00C04F79EFBC}") = "Practice2.Task1", "Practice2\Practice2.Task1\Practice2.Task1.csproj", "{B43739FC-2B74-6CF5-69A5-75199D2D9268}"
EndProject
Project("{FAE04EC0-301F-11D3-BF4B-00C04F79EFBC}") = "Practice2.Task2", "Practice2\Practice2.Task2\Practice2.Task2.csproj", "{E0F75A41-810C-E9A0-FE13-AEE5BD4214D0}"
EndProject
Project("{FAE04EC0-301F-11D3-BF4B-00C04F79EFBC}") = "Practice2.Task3", "Practice2\Practice2.Task3\Practice2.Task3.csproj", "{C6DF9C15-1888-8262-09EF-22210871E700}"
EndProject
Project("{FAE04EC0-301F-11D3-BF4B-00C04F79EFBC}") = "Practice2.Task4", "Practice2\Practice2.Task5\Practice2.Task4.csproj", "{4B1190D9-C45C-CA46-815E-C77C688F2A39}"
EndProject
Project("{FAE04EC0-301F-11D3-BF4B-00C04F79EFBC}") = "Practice2.Task6", "Practice2\Practice2.Task6\Practice2.Task6.csproj", "{3403EBE6-E2B5-AC96-EFC9-38A262E4EB26}"
EndProject
Project("{FAE04EC0-301F-11D3-BF4B-00C04F79EFBC}") = "Practice2.Task7", "Practice2\Practice2.Task7\Practice2.Task7.csproj", "{890D9D12-98EB-D5D8-C77F-4C554910AEBB}"
EndProject
Project("{FAE04EC0-301F-11D3-BF4B-00C04F79EFBC}") = "Practice2.Task8", "Practice2\Practice2.Task8\Practice2.Task8.csproj", "{7CFFCAE5-1DD5-D932-0FAE-3D47CC1BF8B1}"
EndProject
Project("{FAE04EC0-301F-11D3-BF4B-00C04F79EFBC}") = "Practice2.Task9", "Practice2\Practice2.Task9\Practice2.Task9.csproj", "{06FBCCF5-11B3-C7AD-FE8F-EC39835C1A7A}"
EndProject
Project("{FAE04EC0-301F-11D3-BF4B-00C04F79EFBC}") = "Practice2.Task10", "Practice2\Practice2.Task10\Practice2.Task10.csproj", "{CBCA9C51-60BB-5553-44FD-50BA520E92FF}"
EndProject
Project("{FAE04EC0-301F-11D3-BF4B-00C04F79EFBC}") = "Practice2.TAsk11", "Practice2\Practice2.TAsk11\Practice2.TAsk11.csproj", "{4F5BC1D1-5ED7-D5D3-875B-EBE62D33CAE6}"
EndProject
Project("{FAE04EC0-301F-11D3-BF4B-00C04F79EFBC}") = "Practice2.Task12", "Practice2\Practice2.Task12\Practice2.Task12.csproj", "{D0071DAC-02B4-F94C-0ACD-7727B3804B8B}"
EndProject
Project("{FAE04EC0-301F-11D3-BF4B-00C04F79EFBC}") = "Practice2.Task16", "Practice2\Practice2.Task16\Practice2.Task16.csproj", "{4249BE0B-08AC-56D8-61C6-AA4F16370A19}"
EndProject
Project("{FAE04EC0-301F-11D3-BF4B-00C04F79EFBC}") = "Practice2.Task17", "Practice2\Practice2.Task17\Practice2.Task17.csproj", "{29FEC0DF-1A45-8C46-2279-5DAC42AA8B18}"
EndProject
Project("{FAE04EC0-301F-11D3-BF4B-00C04F79EFBC}") = "Practice2.Task18", "Practice2\Practice2.Task18\Practice2.Task18.csproj", "{2E796DD8-BC66-3848-3FAA-5DAD7BB26317}"
EndProject
Project("{FAE04EC0-301F-11D3-BF4B-00C04F79EFBC}") = "Practice2.Task19", "Practice2\Practice2.Task19\Practice2.Task19.csproj", "{3F496AF1-0DB5-498B-F101-A57A6E0AA5D8}"
EndProject
Project("{FAE04EC0-301F-11D3-BF4B-00C04F79EFBC}") = "Practice2.Task20", "Practice2\Practice2.Task20\Practice2.Task20.csproj", "{BBE2C226-5CCA-16A8-8845-BD79F4656863}"
EndProject
Project("{FAE04EC0-301F-11D3-BF4B-00C04F79EFBC}") = "Practice2.Task21", "Practice2\Practice2.Task21\Practice2.Task21.csproj", "{9533A48B-12E0-4E78-9069-68B0AFCE6B03}"
EndProject
Project("{FAE04EC0-301F-11D3-BF4B-00C04F79EFBC}") = "Practice2.Task22", "Practice2\Practice2.Task22\Practice2.Task22.csproj", "{8D36AB55-96FA-4DDE-1C50-D8F6785F6619}"
EndProject
Project("{FAE04EC0-301F-11D3-BF4B-00C04F79EFBC}") = "Practice2.Task24", "Practice2\Practice2.Task24\Practice2.Task24.csproj", "{B67903C9-5E82-C29A-5790-C6347E7997EC}"
EndProject
Project("{FAE04EC0-301F-11D3-BF4B-00C04F79EFBC}") = "Practice2.Task25", "Practice2\Practice2.Task25\Practice2.Task25.csproj", "{B8B57301-6EF7-8407-97EB-D9CC922D4D61}"
EndProject
Project("{FAE04EC0-301F-11D3-BF4B-00C04F79EFBC}") = "Practice2.Task5", "Practice2\Practice2.Task5\Practice2.Task5.csproj", "{DE30D3C8-A8ED-2F9C-1F85-047B86D10461}"
EndProject
Project("{2150E333-8FDC-42A3-9474-1A3956D46DE8}") = "Practice3", "Practice3", "{15AF353E-FABE-4434-9963-E87E53C0F249}"
EndProject
Project("{FAE04EC0-301F-11D3-BF4B-00C04F79EFBC}") = "Practice3.Task1", "Practice3\Practice3.Task1\Practice3.Task1.csproj", "{B2F1F334-81BE-44D4-9130-360FBECA1BCD}"
EndProject
Project("{FAE04EC0-301F-11D3-BF4B-00C04F79EFBC}") = "Practice3.Task2", "Practice3\Practice3.Task2\Practice3.Task2.csproj", "{AE6CEFFC-DA2B-4158-B7B8-699E7011F1B1}"
EndProject
Project("{FAE04EC0-301F-11D3-BF4B-00C04F79EFBC}") = "Practice3.Task3", "Practice3\Practice3.Task3\Practice3.Task3.csproj", "{48B5652A-AC41-4B93-A755-43A7C7C3E66A}"
EndProject
Project("{FAE04EC0-301F-11D3-BF4B-00C04F79EFBC}") = "Practice3.Task4", "Practice3\Practice3.Task4\Practice3.Task4.csproj", "{56D1DD02-FDE1-4B91-9127-224ECDB4173B}"
EndProject
Project("{2150E333-8FDC-42A3-9474-1A3956D46DE8}") = "Элементы решения", "Элементы решения", "{754FC069-D67B-A9D7-50A1-8D1CA196D8F1}"
	ProjectSection(SolutionItems) = preProject
		.gitignore = .gitignore
	EndProjectSection
EndProject
Project("{FAE04EC0-301F-11D3-BF4B-00C04F79EFBC}") = "Practice3.Task5", "Practice3\Practice3.Task5\Practice3.Task5.csproj", "{00BFDE5D-AD5F-4883-ACAF-D46869E6010D}"
EndProject
Global
	GlobalSection(SolutionConfigurationPlatforms) = preSolution
		Debug|Any CPU = Debug|Any CPU
		Release|Any CPU = Release|Any CPU
	EndGlobalSection
	GlobalSection(ProjectConfigurationPlatforms) = postSolution
		{CF086F0B-863E-B554-0D83-B0F79F69ADEB}.Debug|Any CPU.ActiveCfg = Debug|Any CPU
		{CF086F0B-863E-B554-0D83-B0F79F69ADEB}.Debug|Any CPU.Build.0 = Debug|Any CPU
		{CF086F0B-863E-B554-0D83-B0F79F69ADEB}.Release|Any CPU.ActiveCfg = Release|Any CPU
		{CF086F0B-863E-B554-0D83-B0F79F69ADEB}.Release|Any CPU.Build.0 = Release|Any CPU
		{4F406B2D-AE83-C5B0-F953-252E358515AC}.Debug|Any CPU.ActiveCfg = Debug|Any CPU
		{4F406B2D-AE83-C5B0-F953-252E358515AC}.Debug|Any CPU.Build.0 = Debug|Any CPU
		{4F406B2D-AE83-C5B0-F953-252E358515AC}.Release|Any CPU.ActiveCfg = Release|Any CPU
		{4F406B2D-AE83-C5B0-F953-252E358515AC}.Release|Any CPU.Build.0 = Release|Any CPU
		{2C9FECC9-E6BC-DBA9-8C82-E4C23B73CAC0}.Debug|Any CPU.ActiveCfg = Debug|Any CPU
		{2C9FECC9-E6BC-DBA9-8C82-E4C23B73CAC0}.Debug|Any CPU.Build.0 = Debug|Any CPU
		{2C9FECC9-E6BC-DBA9-8C82-E4C23B73CAC0}.Release|Any CPU.ActiveCfg = Release|Any CPU
		{2C9FECC9-E6BC-DBA9-8C82-E4C23B73CAC0}.Release|Any CPU.Build.0 = Release|Any CPU
		{B8CD213D-1B77-BA08-EAFF-76F33AB683D8}.Debug|Any CPU.ActiveCfg = Debug|Any CPU
		{B8CD213D-1B77-BA08-EAFF-76F33AB683D8}.Debug|Any CPU.Build.0 = Debug|Any CPU
		{B8CD213D-1B77-BA08-EAFF-76F33AB683D8}.Release|Any CPU.ActiveCfg = Release|Any CPU
		{B8CD213D-1B77-BA08-EAFF-76F33AB683D8}.Release|Any CPU.Build.0 = Release|Any CPU
		{87569104-1BB3-F34A-9D66-C7EEE680D4CE}.Debug|Any CPU.ActiveCfg = Debug|Any CPU
		{87569104-1BB3-F34A-9D66-C7EEE680D4CE}.Debug|Any CPU.Build.0 = Debug|Any CPU
		{87569104-1BB3-F34A-9D66-C7EEE680D4CE}.Release|Any CPU.ActiveCfg = Release|Any CPU
		{87569104-1BB3-F34A-9D66-C7EEE680D4CE}.Release|Any CPU.Build.0 = Release|Any CPU
		{7600B4C5-8C1E-5F90-E583-AE66CC292D77}.Debug|Any CPU.ActiveCfg = Debug|Any CPU
		{7600B4C5-8C1E-5F90-E583-AE66CC292D77}.Debug|Any CPU.Build.0 = Debug|Any CPU
		{7600B4C5-8C1E-5F90-E583-AE66CC292D77}.Release|Any CPU.ActiveCfg = Release|Any CPU
		{7600B4C5-8C1E-5F90-E583-AE66CC292D77}.Release|Any CPU.Build.0 = Release|Any CPU
		{B43739FC-2B74-6CF5-69A5-75199D2D9268}.Debug|Any CPU.ActiveCfg = Debug|Any CPU
		{B43739FC-2B74-6CF5-69A5-75199D2D9268}.Debug|Any CPU.Build.0 = Debug|Any CPU
		{B43739FC-2B74-6CF5-69A5-75199D2D9268}.Release|Any CPU.ActiveCfg = Release|Any CPU
		{B43739FC-2B74-6CF5-69A5-75199D2D9268}.Release|Any CPU.Build.0 = Release|Any CPU
		{E0F75A41-810C-E9A0-FE13-AEE5BD4214D0}.Debug|Any CPU.ActiveCfg = Debug|Any CPU
		{E0F75A41-810C-E9A0-FE13-AEE5BD4214D0}.Debug|Any CPU.Build.0 = Debug|Any CPU
		{E0F75A41-810C-E9A0-FE13-AEE5BD4214D0}.Release|Any CPU.ActiveCfg = Release|Any CPU
		{E0F75A41-810C-E9A0-FE13-AEE5BD4214D0}.Release|Any CPU.Build.0 = Release|Any CPU
		{C6DF9C15-1888-8262-09EF-22210871E700}.Debug|Any CPU.ActiveCfg = Debug|Any CPU
		{C6DF9C15-1888-8262-09EF-22210871E700}.Debug|Any CPU.Build.0 = Debug|Any CPU
		{C6DF9C15-1888-8262-09EF-22210871E700}.Release|Any CPU.ActiveCfg = Release|Any CPU
		{C6DF9C15-1888-8262-09EF-22210871E700}.Release|Any CPU.Build.0 = Release|Any CPU
		{4B1190D9-C45C-CA46-815E-C77C688F2A39}.Debug|Any CPU.ActiveCfg = Debug|Any CPU
		{4B1190D9-C45C-CA46-815E-C77C688F2A39}.Debug|Any CPU.Build.0 = Debug|Any CPU
		{4B1190D9-C45C-CA46-815E-C77C688F2A39}.Release|Any CPU.ActiveCfg = Release|Any CPU
		{4B1190D9-C45C-CA46-815E-C77C688F2A39}.Release|Any CPU.Build.0 = Release|Any CPU
		{3403EBE6-E2B5-AC96-EFC9-38A262E4EB26}.Debug|Any CPU.ActiveCfg = Debug|Any CPU
		{3403EBE6-E2B5-AC96-EFC9-38A262E4EB26}.Debug|Any CPU.Build.0 = Debug|Any CPU
		{3403EBE6-E2B5-AC96-EFC9-38A262E4EB26}.Release|Any CPU.ActiveCfg = Release|Any CPU
		{3403EBE6-E2B5-AC96-EFC9-38A262E4EB26}.Release|Any CPU.Build.0 = Release|Any CPU
		{890D9D12-98EB-D5D8-C77F-4C554910AEBB}.Debug|Any CPU.ActiveCfg = Debug|Any CPU
		{890D9D12-98EB-D5D8-C77F-4C554910AEBB}.Debug|Any CPU.Build.0 = Debug|Any CPU
		{890D9D12-98EB-D5D8-C77F-4C554910AEBB}.Release|Any CPU.ActiveCfg = Release|Any CPU
		{890D9D12-98EB-D5D8-C77F-4C554910AEBB}.Release|Any CPU.Build.0 = Release|Any CPU
		{7CFFCAE5-1DD5-D932-0FAE-3D47CC1BF8B1}.Debug|Any CPU.ActiveCfg = Debug|Any CPU
		{7CFFCAE5-1DD5-D932-0FAE-3D47CC1BF8B1}.Debug|Any CPU.Build.0 = Debug|Any CPU
		{7CFFCAE5-1DD5-D932-0FAE-3D47CC1BF8B1}.Release|Any CPU.ActiveCfg = Release|Any CPU
		{7CFFCAE5-1DD5-D932-0FAE-3D47CC1BF8B1}.Release|Any CPU.Build.0 = Release|Any CPU
		{06FBCCF5-11B3-C7AD-FE8F-EC39835C1A7A}.Debug|Any CPU.ActiveCfg = Debug|Any CPU
		{06FBCCF5-11B3-C7AD-FE8F-EC39835C1A7A}.Debug|Any CPU.Build.0 = Debug|Any CPU
		{06FBCCF5-11B3-C7AD-FE8F-EC39835C1A7A}.Release|Any CPU.ActiveCfg = Release|Any CPU
		{06FBCCF5-11B3-C7AD-FE8F-EC39835C1A7A}.Release|Any CPU.Build.0 = Release|Any CPU
		{CBCA9C51-60BB-5553-44FD-50BA520E92FF}.Debug|Any CPU.ActiveCfg = Debug|Any CPU
		{CBCA9C51-60BB-5553-44FD-50BA520E92FF}.Debug|Any CPU.Build.0 = Debug|Any CPU
		{CBCA9C51-60BB-5553-44FD-50BA520E92FF}.Release|Any CPU.ActiveCfg = Release|Any CPU
		{CBCA9C51-60BB-5553-44FD-50BA520E92FF}.Release|Any CPU.Build.0 = Release|Any CPU
		{4F5BC1D1-5ED7-D5D3-875B-EBE62D33CAE6}.Debug|Any CPU.ActiveCfg = Debug|Any CPU
		{4F5BC1D1-5ED7-D5D3-875B-EBE62D33CAE6}.Debug|Any CPU.Build.0 = Debug|Any CPU
		{4F5BC1D1-5ED7-D5D3-875B-EBE62D33CAE6}.Release|Any CPU.ActiveCfg = Release|Any CPU
		{4F5BC1D1-5ED7-D5D3-875B-EBE62D33CAE6}.Release|Any CPU.Build.0 = Release|Any CPU
		{D0071DAC-02B4-F94C-0ACD-7727B3804B8B}.Debug|Any CPU.ActiveCfg = Debug|Any CPU
		{D0071DAC-02B4-F94C-0ACD-7727B3804B8B}.Debug|Any CPU.Build.0 = Debug|Any CPU
		{D0071DAC-02B4-F94C-0ACD-7727B3804B8B}.Release|Any CPU.ActiveCfg = Release|Any CPU
		{D0071DAC-02B4-F94C-0ACD-7727B3804B8B}.Release|Any CPU.Build.0 = Release|Any CPU
		{4249BE0B-08AC-56D8-61C6-AA4F16370A19}.Debug|Any CPU.ActiveCfg = Debug|Any CPU
		{4249BE0B-08AC-56D8-61C6-AA4F16370A19}.Debug|Any CPU.Build.0 = Debug|Any CPU
		{4249BE0B-08AC-56D8-61C6-AA4F16370A19}.Release|Any CPU.ActiveCfg = Release|Any CPU
		{4249BE0B-08AC-56D8-61C6-AA4F16370A19}.Release|Any CPU.Build.0 = Release|Any CPU
		{29FEC0DF-1A45-8C46-2279-5DAC42AA8B18}.Debug|Any CPU.ActiveCfg = Debug|Any CPU
		{29FEC0DF-1A45-8C46-2279-5DAC42AA8B18}.Debug|Any CPU.Build.0 = Debug|Any CPU
		{29FEC0DF-1A45-8C46-2279-5DAC42AA8B18}.Release|Any CPU.ActiveCfg = Release|Any CPU
		{29FEC0DF-1A45-8C46-2279-5DAC42AA8B18}.Release|Any CPU.Build.0 = Release|Any CPU
		{2E796DD8-BC66-3848-3FAA-5DAD7BB26317}.Debug|Any CPU.ActiveCfg = Debug|Any CPU
		{2E796DD8-BC66-3848-3FAA-5DAD7BB26317}.Debug|Any CPU.Build.0 = Debug|Any CPU
		{2E796DD8-BC66-3848-3FAA-5DAD7BB26317}.Release|Any CPU.ActiveCfg = Release|Any CPU
		{2E796DD8-BC66-3848-3FAA-5DAD7BB26317}.Release|Any CPU.Build.0 = Release|Any CPU
		{3F496AF1-0DB5-498B-F101-A57A6E0AA5D8}.Debug|Any CPU.ActiveCfg = Debug|Any CPU
		{3F496AF1-0DB5-498B-F101-A57A6E0AA5D8}.Debug|Any CPU.Build.0 = Debug|Any CPU
		{3F496AF1-0DB5-498B-F101-A57A6E0AA5D8}.Release|Any CPU.ActiveCfg = Release|Any CPU
		{3F496AF1-0DB5-498B-F101-A57A6E0AA5D8}.Release|Any CPU.Build.0 = Release|Any CPU
		{BBE2C226-5CCA-16A8-8845-BD79F4656863}.Debug|Any CPU.ActiveCfg = Debug|Any CPU
		{BBE2C226-5CCA-16A8-8845-BD79F4656863}.Debug|Any CPU.Build.0 = Debug|Any CPU
		{BBE2C226-5CCA-16A8-8845-BD79F4656863}.Release|Any CPU.ActiveCfg = Release|Any CPU
		{BBE2C226-5CCA-16A8-8845-BD79F4656863}.Release|Any CPU.Build.0 = Release|Any CPU
		{9533A48B-12E0-4E78-9069-68B0AFCE6B03}.Debug|Any CPU.ActiveCfg = Debug|Any CPU
		{9533A48B-12E0-4E78-9069-68B0AFCE6B03}.Debug|Any CPU.Build.0 = Debug|Any CPU
		{9533A48B-12E0-4E78-9069-68B0AFCE6B03}.Release|Any CPU.ActiveCfg = Release|Any CPU
		{9533A48B-12E0-4E78-9069-68B0AFCE6B03}.Release|Any CPU.Build.0 = Release|Any CPU
		{8D36AB55-96FA-4DDE-1C50-D8F6785F6619}.Debug|Any CPU.ActiveCfg = Debug|Any CPU
		{8D36AB55-96FA-4DDE-1C50-D8F6785F6619}.Debug|Any CPU.Build.0 = Debug|Any CPU
		{8D36AB55-96FA-4DDE-1C50-D8F6785F6619}.Release|Any CPU.ActiveCfg = Release|Any CPU
		{8D36AB55-96FA-4DDE-1C50-D8F6785F6619}.Release|Any CPU.Build.0 = Release|Any CPU
		{B67903C9-5E82-C29A-5790-C6347E7997EC}.Debug|Any CPU.ActiveCfg = Debug|Any CPU
		{B67903C9-5E82-C29A-5790-C6347E7997EC}.Debug|Any CPU.Build.0 = Debug|Any CPU
		{B67903C9-5E82-C29A-5790-C6347E7997EC}.Release|Any CPU.ActiveCfg = Release|Any CPU
		{B67903C9-5E82-C29A-5790-C6347E7997EC}.Release|Any CPU.Build.0 = Release|Any CPU
		{B8B57301-6EF7-8407-97EB-D9CC922D4D61}.Debug|Any CPU.ActiveCfg = Debug|Any CPU
		{B8B57301-6EF7-8407-97EB-D9CC922D4D61}.Debug|Any CPU.Build.0 = Debug|Any CPU
		{B8B57301-6EF7-8407-97EB-D9CC922D4D61}.Release|Any CPU.ActiveCfg = Release|Any CPU
		{B8B57301-6EF7-8407-97EB-D9CC922D4D61}.Release|Any CPU.Build.0 = Release|Any CPU
		{DE30D3C8-A8ED-2F9C-1F85-047B86D10461}.Debug|Any CPU.ActiveCfg = Debug|Any CPU
		{DE30D3C8-A8ED-2F9C-1F85-047B86D10461}.Debug|Any CPU.Build.0 = Debug|Any CPU
		{DE30D3C8-A8ED-2F9C-1F85-047B86D10461}.Release|Any CPU.ActiveCfg = Release|Any CPU
		{DE30D3C8-A8ED-2F9C-1F85-047B86D10461}.Release|Any CPU.Build.0 = Release|Any CPU
		{B2F1F334-81BE-44D4-9130-360FBECA1BCD}.Debug|Any CPU.ActiveCfg = Debug|Any CPU
		{B2F1F334-81BE-44D4-9130-360FBECA1BCD}.Debug|Any CPU.Build.0 = Debug|Any CPU
		{B2F1F334-81BE-44D4-9130-360FBECA1BCD}.Release|Any CPU.ActiveCfg = Release|Any CPU
		{B2F1F334-81BE-44D4-9130-360FBECA1BCD}.Release|Any CPU.Build.0 = Release|Any CPU
		{AE6CEFFC-DA2B-4158-B7B8-699E7011F1B1}.Debug|Any CPU.ActiveCfg = Debug|Any CPU
		{AE6CEFFC-DA2B-4158-B7B8-699E7011F1B1}.Debug|Any CPU.Build.0 = Debug|Any CPU
		{AE6CEFFC-DA2B-4158-B7B8-699E7011F1B1}.Release|Any CPU.ActiveCfg = Release|Any CPU
		{AE6CEFFC-DA2B-4158-B7B8-699E7011F1B1}.Release|Any CPU.Build.0 = Release|Any CPU
		{48B5652A-AC41-4B93-A755-43A7C7C3E66A}.Debug|Any CPU.ActiveCfg = Debug|Any CPU
		{48B5652A-AC41-4B93-A755-43A7C7C3E66A}.Debug|Any CPU.Build.0 = Debug|Any CPU
		{48B5652A-AC41-4B93-A755-43A7C7C3E66A}.Release|Any CPU.ActiveCfg = Release|Any CPU
		{48B5652A-AC41-4B93-A755-43A7C7C3E66A}.Release|Any CPU.Build.0 = Release|Any CPU
		{56D1DD02-FDE1-4B91-9127-224ECDB4173B}.Debug|Any CPU.ActiveCfg = Debug|Any CPU
		{56D1DD02-FDE1-4B91-9127-224ECDB4173B}.Debug|Any CPU.Build.0 = Debug|Any CPU
		{56D1DD02-FDE1-4B91-9127-224ECDB4173B}.Release|Any CPU.ActiveCfg = Release|Any CPU
		{56D1DD02-FDE1-4B91-9127-224ECDB4173B}.Release|Any CPU.Build.0 = Release|Any CPU
		{00BFDE5D-AD5F-4883-ACAF-D46869E6010D}.Debug|Any CPU.ActiveCfg = Debug|Any CPU
		{00BFDE5D-AD5F-4883-ACAF-D46869E6010D}.Debug|Any CPU.Build.0 = Debug|Any CPU
		{00BFDE5D-AD5F-4883-ACAF-D46869E6010D}.Release|Any CPU.ActiveCfg = Release|Any CPU
		{00BFDE5D-AD5F-4883-ACAF-D46869E6010D}.Release|Any CPU.Build.0 = Release|Any CPU
	EndGlobalSection
	GlobalSection(SolutionProperties) = preSolution
		HideSolutionNode = FALSE
	EndGlobalSection
	GlobalSection(NestedProjects) = preSolution
		{CF086F0B-863E-B554-0D83-B0F79F69ADEB} = {36D591C7-65C7-A0D1-1CBC-10CDE441BDC8}
		{4F406B2D-AE83-C5B0-F953-252E358515AC} = {36D591C7-65C7-A0D1-1CBC-10CDE441BDC8}
		{2C9FECC9-E6BC-DBA9-8C82-E4C23B73CAC0} = {36D591C7-65C7-A0D1-1CBC-10CDE441BDC8}
		{B8CD213D-1B77-BA08-EAFF-76F33AB683D8} = {36D591C7-65C7-A0D1-1CBC-10CDE441BDC8}
		{87569104-1BB3-F34A-9D66-C7EEE680D4CE} = {36D591C7-65C7-A0D1-1CBC-10CDE441BDC8}
		{7600B4C5-8C1E-5F90-E583-AE66CC292D77} = {36D591C7-65C7-A0D1-1CBC-10CDE441BDC8}
		{B43739FC-2B74-6CF5-69A5-75199D2D9268} = {0CC2BD61-90A8-437A-87F0-844C1D2E896F}
		{E0F75A41-810C-E9A0-FE13-AEE5BD4214D0} = {0CC2BD61-90A8-437A-87F0-844C1D2E896F}
		{C6DF9C15-1888-8262-09EF-22210871E700} = {0CC2BD61-90A8-437A-87F0-844C1D2E896F}
		{4B1190D9-C45C-CA46-815E-C77C688F2A39} = {0CC2BD61-90A8-437A-87F0-844C1D2E896F}
		{3403EBE6-E2B5-AC96-EFC9-38A262E4EB26} = {0CC2BD61-90A8-437A-87F0-844C1D2E896F}
		{890D9D12-98EB-D5D8-C77F-4C554910AEBB} = {0CC2BD61-90A8-437A-87F0-844C1D2E896F}
		{7CFFCAE5-1DD5-D932-0FAE-3D47CC1BF8B1} = {0CC2BD61-90A8-437A-87F0-844C1D2E896F}
		{06FBCCF5-11B3-C7AD-FE8F-EC39835C1A7A} = {0CC2BD61-90A8-437A-87F0-844C1D2E896F}
		{CBCA9C51-60BB-5553-44FD-50BA520E92FF} = {0CC2BD61-90A8-437A-87F0-844C1D2E896F}
		{4F5BC1D1-5ED7-D5D3-875B-EBE62D33CAE6} = {0CC2BD61-90A8-437A-87F0-844C1D2E896F}
		{D0071DAC-02B4-F94C-0ACD-7727B3804B8B} = {0CC2BD61-90A8-437A-87F0-844C1D2E896F}
		{4249BE0B-08AC-56D8-61C6-AA4F16370A19} = {0CC2BD61-90A8-437A-87F0-844C1D2E896F}
		{29FEC0DF-1A45-8C46-2279-5DAC42AA8B18} = {0CC2BD61-90A8-437A-87F0-844C1D2E896F}
		{2E796DD8-BC66-3848-3FAA-5DAD7BB26317} = {0CC2BD61-90A8-437A-87F0-844C1D2E896F}
		{3F496AF1-0DB5-498B-F101-A57A6E0AA5D8} = {0CC2BD61-90A8-437A-87F0-844C1D2E896F}
		{BBE2C226-5CCA-16A8-8845-BD79F4656863} = {0CC2BD61-90A8-437A-87F0-844C1D2E896F}
		{9533A48B-12E0-4E78-9069-68B0AFCE6B03} = {0CC2BD61-90A8-437A-87F0-844C1D2E896F}
		{8D36AB55-96FA-4DDE-1C50-D8F6785F6619} = {0CC2BD61-90A8-437A-87F0-844C1D2E896F}
		{B67903C9-5E82-C29A-5790-C6347E7997EC} = {0CC2BD61-90A8-437A-87F0-844C1D2E896F}
		{B8B57301-6EF7-8407-97EB-D9CC922D4D61} = {0CC2BD61-90A8-437A-87F0-844C1D2E896F}
		{DE30D3C8-A8ED-2F9C-1F85-047B86D10461} = {0CC2BD61-90A8-437A-87F0-844C1D2E896F}
		{B2F1F334-81BE-44D4-9130-360FBECA1BCD} = {15AF353E-FABE-4434-9963-E87E53C0F249}
		{AE6CEFFC-DA2B-4158-B7B8-699E7011F1B1} = {15AF353E-FABE-4434-9963-E87E53C0F249}
		{48B5652A-AC41-4B93-A755-43A7C7C3E66A} = {15AF353E-FABE-4434-9963-E87E53C0F249}
		{56D1DD02-FDE1-4B91-9127-224ECDB4173B} = {15AF353E-FABE-4434-9963-E87E53C0F249}
		{00BFDE5D-AD5F-4883-ACAF-D46869E6010D} = {15AF353E-FABE-4434-9963-E87E53C0F249}
	EndGlobalSection
	GlobalSection(ExtensibilityGlobals) = postSolution
		SolutionGuid = {BE94FEF1-98F7-4E06-AE72-9C1E2FA32D21}
	EndGlobalSection
EndGlobal
